[[package]]
name = "aioamqp"
version = "0.14.0"
description = "AMQP implementation using asyncio"
category = "main"
optional = false
python-versions = "*"

[package.dependencies]
pamqp = ">=2.2.0,<3"

[package.source]
type = "legacy"
url = "https://www.piwheels.org/simple"
reference = "piwheels"

[[package]]
name = "imutils"
version = "0.5.4"
description = "A series of convenience functions to make basic image processing functions such as translation, rotation, resizing, skeletonization, displaying Matplotlib images, sorting contours, detecting edges, and much more easier with OpenCV and both Python 2.7 and Python 3."
category = "main"
optional = false
python-versions = "*"

[package.source]
type = "legacy"
url = "https://www.piwheels.org/simple"
reference = "piwheels"

[[package]]
name = "numpy"
version = "1.21.3"
description = "NumPy is the fundamental package for array computing with Python."
category = "main"
optional = false
python-versions = ">=3.7,<3.11"

[package.source]
type = "legacy"
url = "https://www.piwheels.org/simple"
reference = "piwheels"

[[package]]
name = "pamqp"
version = "2.3.0"
description = "RabbitMQ Focused AMQP low-level library"
category = "main"
optional = false
python-versions = "*"

[package.extras]
codegen = ["lxml"]

[package.source]
type = "legacy"
url = "https://www.piwheels.org/simple"
reference = "piwheels"

[metadata]
lock-version = "1.1"
python-versions = "^3.7,<3.10"
content-hash = "c52a75d526e84d9d9acfabdd40720064d8e47780bcd10d9021459cc29c190b8d"

[metadata.files]
aioamqp = [
    {file = "aioamqp-0.14.0-py35.py36.py37.py38-none-any.whl", hash = "sha256:55fa703a70e71bc958ad546b9ee0c68387cab366c82fc44c0742d6ad0303745a"},
]
imutils = [
    {file = "imutils-0.5.4-py3-none-any.whl", hash = "sha256:f233020af4b67d42caea543b8a8c9aebbb7f5159d7ef6d7dc8980282a20ade88"},
]
numpy = [
    {file = "numpy-1.21.3-cp37-cp37m-linux_armv6l.whl", hash = "sha256:4f5cd213d296db43d837cb8a2754420b58fbe9abd18b7457339c0260850485c0"},
    {file = "numpy-1.21.3-cp37-cp37m-linux_armv7l.whl", hash = "sha256:4f5cd213d296db43d837cb8a2754420b58fbe9abd18b7457339c0260850485c0"},
    {file = "numpy-1.21.3-cp39-cp39-linux_armv6l.whl", hash = "sha256:342eda8d044c0227d09e33b4cc13d3d68763dff2605117dbce7ef15770f1cb56"},
    {file = "numpy-1.21.3-cp39-cp39-linux_armv7l.whl", hash = "sha256:342eda8d044c0227d09e33b4cc13d3d68763dff2605117dbce7ef15770f1cb56"},
]
pamqp = [
    {file = "pamqp-2.3.0-py2.py3-none-any.whl", hash = "sha256:2f81b5c186f668a67f165193925b6bfd83db4363a6222f599517f29ecee60b02"},
]
